<?xml version="1.0" encoding="utf-8"?>
<Project ToolsVersion="17.0" xmlns="http://schemas.microsoft.com/developer/msbuild/2003">
  <ItemGroup>
    <ClCompile Include="I:\__workSpace\_Github\OpenXLSX-Sharp\OpenXLSX\OpenXLSX\sources\XLCell.cpp">
      <Filter>Source Files</Filter>
    </ClCompile>
    <ClCompile Include="I:\__workSpace\_Github\OpenXLSX-Sharp\OpenXLSX\OpenXLSX\sources\XLCellIterator.cpp">
      <Filter>Source Files</Filter>
    </ClCompile>
    <ClCompile Include="I:\__workSpace\_Github\OpenXLSX-Sharp\OpenXLSX\OpenXLSX\sources\XLCellRange.cpp">
      <Filter>Source Files</Filter>
    </ClCompile>
    <ClCompile Include="I:\__workSpace\_Github\OpenXLSX-Sharp\OpenXLSX\OpenXLSX\sources\XLCellReference.cpp">
      <Filter>Source Files</Filter>
    </ClCompile>
    <ClCompile Include="I:\__workSpace\_Github\OpenXLSX-Sharp\OpenXLSX\OpenXLSX\sources\XLCellValue.cpp">
      <Filter>Source Files</Filter>
    </ClCompile>
    <ClCompile Include="I:\__workSpace\_Github\OpenXLSX-Sharp\OpenXLSX\OpenXLSX\sources\XLColor.cpp">
      <Filter>Source Files</Filter>
    </ClCompile>
    <ClCompile Include="I:\__workSpace\_Github\OpenXLSX-Sharp\OpenXLSX\OpenXLSX\sources\XLColumn.cpp">
      <Filter>Source Files</Filter>
    </ClCompile>
    <ClCompile Include="I:\__workSpace\_Github\OpenXLSX-Sharp\OpenXLSX\OpenXLSX\sources\XLContentTypes.cpp">
      <Filter>Source Files</Filter>
    </ClCompile>
    <ClCompile Include="I:\__workSpace\_Github\OpenXLSX-Sharp\OpenXLSX\OpenXLSX\sources\XLDateTime.cpp">
      <Filter>Source Files</Filter>
    </ClCompile>
    <ClCompile Include="I:\__workSpace\_Github\OpenXLSX-Sharp\OpenXLSX\OpenXLSX\sources\XLDocument.cpp">
      <Filter>Source Files</Filter>
    </ClCompile>
    <ClCompile Include="I:\__workSpace\_Github\OpenXLSX-Sharp\OpenXLSX\OpenXLSX\sources\XLFormula.cpp">
      <Filter>Source Files</Filter>
    </ClCompile>
    <ClCompile Include="I:\__workSpace\_Github\OpenXLSX-Sharp\OpenXLSX\OpenXLSX\sources\XLProperties.cpp">
      <Filter>Source Files</Filter>
    </ClCompile>
    <ClCompile Include="I:\__workSpace\_Github\OpenXLSX-Sharp\OpenXLSX\OpenXLSX\sources\XLRelationships.cpp">
      <Filter>Source Files</Filter>
    </ClCompile>
    <ClCompile Include="I:\__workSpace\_Github\OpenXLSX-Sharp\OpenXLSX\OpenXLSX\sources\XLRow.cpp">
      <Filter>Source Files</Filter>
    </ClCompile>
    <ClCompile Include="I:\__workSpace\_Github\OpenXLSX-Sharp\OpenXLSX\OpenXLSX\sources\XLRowData.cpp">
      <Filter>Source Files</Filter>
    </ClCompile>
    <ClCompile Include="I:\__workSpace\_Github\OpenXLSX-Sharp\OpenXLSX\OpenXLSX\sources\XLSharedStrings.cpp">
      <Filter>Source Files</Filter>
    </ClCompile>
    <ClCompile Include="I:\__workSpace\_Github\OpenXLSX-Sharp\OpenXLSX\OpenXLSX\sources\XLSheet.cpp">
      <Filter>Source Files</Filter>
    </ClCompile>
    <ClCompile Include="I:\__workSpace\_Github\OpenXLSX-Sharp\OpenXLSX\OpenXLSX\sources\XLWorkbook.cpp">
      <Filter>Source Files</Filter>
    </ClCompile>
    <ClCompile Include="I:\__workSpace\_Github\OpenXLSX-Sharp\OpenXLSX\OpenXLSX\sources\XLXmlData.cpp">
      <Filter>Source Files</Filter>
    </ClCompile>
    <ClCompile Include="I:\__workSpace\_Github\OpenXLSX-Sharp\OpenXLSX\OpenXLSX\sources\XLXmlFile.cpp">
      <Filter>Source Files</Filter>
    </ClCompile>
    <ClCompile Include="I:\__workSpace\_Github\OpenXLSX-Sharp\OpenXLSX\OpenXLSX\sources\XLZipArchive.cpp">
      <Filter>Source Files</Filter>
    </ClCompile>
  </ItemGroup>
  <ItemGroup>
    <CustomBuild Include="I:\__workSpace\_Github\OpenXLSX-Sharp\OpenXLSX\OpenXLSX\CMakeLists.txt" />
  </ItemGroup>
  <ItemGroup>
    <Filter Include="Source Files">
      <UniqueIdentifier>{C7E32967-F3FA-3E06-8295-3DAF46865D10}</UniqueIdentifier>
    </Filter>
  </ItemGroup>
</Project>
