<?xml version="1.0" encoding="utf-8"?>
<Project ToolsVersion="17.0" xmlns="http://schemas.microsoft.com/developer/msbuild/2003">
  <ItemGroup>
    <ClCompile Include="I:\__workSpace\_Github\OpenXLSX-Sharp\OpenXLSX\Examples\Demo6.cpp">
      <Filter>Source Files</Filter>
    </ClCompile>
  </ItemGroup>
  <ItemGroup>
    <CustomBuild Include="I:\__workSpace\_Github\OpenXLSX-Sharp\OpenXLSX\Examples\CMakeLists.txt" />
  </ItemGroup>
  <ItemGroup>
    <Filter Include="Source Files">
      <UniqueIdentifier>{C7E32967-F3FA-3E06-8295-3DAF46865D10}</UniqueIdentifier>
    </Filter>
  </ItemGroup>
</Project>
