
Microsoft Visual Studio Solution File, Format Version 12.00
# Visual Studio Version 17
Project("{8BC9CEB8-8B4A-11D0-8D11-00A0C91BC942}") = "ALL_BUILD", "ALL_BUILD.vcxproj", "{0C73CB95-9831-3EC3-BAC6-63FB9CF90074}"
	ProjectSection(ProjectDependencies) = postProject
		{3CA479BE-1D95-3ABB-AB09-4ACDCCED8A82} = {3CA479BE-1D95-3ABB-AB09-4ACDCCED8A82}
		{CF994ECB-51C6-3657-808E-350008C3DFBE} = {CF994ECB-51C6-3657-808E-350008C3DFBE}
		{27CCAD89-606E-3856-90FB-C3CCA8C628C7} = {27CCAD89-606E-3856-90FB-C3CCA8C628C7}
		{621BCBF2-DF80-360E-9616-398E71903810} = {621BCBF2-DF80-360E-9616-398E71903810}
		{35C5DBC5-10DA-39C6-AE67-3DA150F6BA3D} = {35C5DBC5-10DA-39C6-AE67-3DA150F6BA3D}
		{187802DD-5ECC-3EA0-90E3-508F0BDED1E0} = {187802DD-5ECC-3EA0-90E3-508F0BDED1E0}
		{1AC3646C-DC7F-388D-A318-18E21968B5ED} = {1AC3646C-DC7F-388D-A318-18E21968B5ED}
		{0F8C8790-DE3E-38DC-A824-684AD1ED737D} = {0F8C8790-DE3E-38DC-A824-684AD1ED737D}
		{05238318-BF62-3D46-BF42-379909826D53} = {05238318-BF62-3D46-BF42-379909826D53}
	EndProjectSection
EndProject
Project("{8BC9CEB8-8B4A-11D0-8D11-00A0C91BC942}") = "Demo1", "Demo1.vcxproj", "{3CA479BE-1D95-3ABB-AB09-4ACDCCED8A82}"
	ProjectSection(ProjectDependencies) = postProject
		{A6CA2425-4E9F-3392-830A-3D688E8E059E} = {A6CA2425-4E9F-3392-830A-3D688E8E059E}
		{05238318-BF62-3D46-BF42-379909826D53} = {05238318-BF62-3D46-BF42-379909826D53}
	EndProjectSection
EndProject
Project("{8BC9CEB8-8B4A-11D0-8D11-00A0C91BC942}") = "Demo2", "Demo2.vcxproj", "{CF994ECB-51C6-3657-808E-350008C3DFBE}"
	ProjectSection(ProjectDependencies) = postProject
		{A6CA2425-4E9F-3392-830A-3D688E8E059E} = {A6CA2425-4E9F-3392-830A-3D688E8E059E}
		{05238318-BF62-3D46-BF42-379909826D53} = {05238318-BF62-3D46-BF42-379909826D53}
	EndProjectSection
EndProject
Project("{8BC9CEB8-8B4A-11D0-8D11-00A0C91BC942}") = "Demo3", "Demo3.vcxproj", "{27CCAD89-606E-3856-90FB-C3CCA8C628C7}"
	ProjectSection(ProjectDependencies) = postProject
		{A6CA2425-4E9F-3392-830A-3D688E8E059E} = {A6CA2425-4E9F-3392-830A-3D688E8E059E}
		{05238318-BF62-3D46-BF42-379909826D53} = {05238318-BF62-3D46-BF42-379909826D53}
	EndProjectSection
EndProject
Project("{8BC9CEB8-8B4A-11D0-8D11-00A0C91BC942}") = "Demo4", "Demo4.vcxproj", "{621BCBF2-DF80-360E-9616-398E71903810}"
	ProjectSection(ProjectDependencies) = postProject
		{A6CA2425-4E9F-3392-830A-3D688E8E059E} = {A6CA2425-4E9F-3392-830A-3D688E8E059E}
		{05238318-BF62-3D46-BF42-379909826D53} = {05238318-BF62-3D46-BF42-379909826D53}
		{A8627ED7-CC24-3F20-95F8-0C4891EDE318} = {A8627ED7-CC24-3F20-95F8-0C4891EDE318}
	EndProjectSection
EndProject
Project("{8BC9CEB8-8B4A-11D0-8D11-00A0C91BC942}") = "Demo5", "Demo5.vcxproj", "{35C5DBC5-10DA-39C6-AE67-3DA150F6BA3D}"
	ProjectSection(ProjectDependencies) = postProject
		{A6CA2425-4E9F-3392-830A-3D688E8E059E} = {A6CA2425-4E9F-3392-830A-3D688E8E059E}
		{05238318-BF62-3D46-BF42-379909826D53} = {05238318-BF62-3D46-BF42-379909826D53}
	EndProjectSection
EndProject
Project("{8BC9CEB8-8B4A-11D0-8D11-00A0C91BC942}") = "Demo6", "Demo6.vcxproj", "{187802DD-5ECC-3EA0-90E3-508F0BDED1E0}"
	ProjectSection(ProjectDependencies) = postProject
		{A6CA2425-4E9F-3392-830A-3D688E8E059E} = {A6CA2425-4E9F-3392-830A-3D688E8E059E}
		{05238318-BF62-3D46-BF42-379909826D53} = {05238318-BF62-3D46-BF42-379909826D53}
	EndProjectSection
EndProject
Project("{8BC9CEB8-8B4A-11D0-8D11-00A0C91BC942}") = "Demo7", "Demo7.vcxproj", "{1AC3646C-DC7F-388D-A318-18E21968B5ED}"
	ProjectSection(ProjectDependencies) = postProject
		{A6CA2425-4E9F-3392-830A-3D688E8E059E} = {A6CA2425-4E9F-3392-830A-3D688E8E059E}
		{05238318-BF62-3D46-BF42-379909826D53} = {05238318-BF62-3D46-BF42-379909826D53}
	EndProjectSection
EndProject
Project("{8BC9CEB8-8B4A-11D0-8D11-00A0C91BC942}") = "Demo8", "Demo8.vcxproj", "{0F8C8790-DE3E-38DC-A824-684AD1ED737D}"
	ProjectSection(ProjectDependencies) = postProject
		{A6CA2425-4E9F-3392-830A-3D688E8E059E} = {A6CA2425-4E9F-3392-830A-3D688E8E059E}
		{05238318-BF62-3D46-BF42-379909826D53} = {05238318-BF62-3D46-BF42-379909826D53}
	EndProjectSection
EndProject
Project("{8BC9CEB8-8B4A-11D0-8D11-00A0C91BC942}") = "INSTALL", "INSTALL.vcxproj", "{1727E4B4-76A4-38AA-AB91-51EF96E083C7}"
	ProjectSection(ProjectDependencies) = postProject
		{0C73CB95-9831-3EC3-BAC6-63FB9CF90074} = {0C73CB95-9831-3EC3-BAC6-63FB9CF90074}
		{05238318-BF62-3D46-BF42-379909826D53} = {05238318-BF62-3D46-BF42-379909826D53}
	EndProjectSection
EndProject
Project("{8BC9CEB8-8B4A-11D0-8D11-00A0C91BC942}") = "OpenXLSX", "..\OpenXLSX\OpenXLSX.vcxproj", "{A6CA2425-4E9F-3392-830A-3D688E8E059E}"
	ProjectSection(ProjectDependencies) = postProject
		{05238318-BF62-3D46-BF42-379909826D53} = {05238318-BF62-3D46-BF42-379909826D53}
	EndProjectSection
EndProject
Project("{8BC9CEB8-8B4A-11D0-8D11-00A0C91BC942}") = "ZERO_CHECK", "..\\ZERO_CHECK.vcxproj", "{05238318-BF62-3D46-BF42-379909826D53}"
	ProjectSection(ProjectDependencies) = postProject
	EndProjectSection
EndProject
Project("{8BC9CEB8-8B4A-11D0-8D11-00A0C91BC942}") = "nowide", "external\nowide\nowide.vcxproj", "{A8627ED7-CC24-3F20-95F8-0C4891EDE318}"
	ProjectSection(ProjectDependencies) = postProject
		{05238318-BF62-3D46-BF42-379909826D53} = {05238318-BF62-3D46-BF42-379909826D53}
	EndProjectSection
EndProject
Global
	GlobalSection(SolutionConfigurationPlatforms) = preSolution
		Debug|x64 = Debug|x64
		Release|x64 = Release|x64
		MinSizeRel|x64 = MinSizeRel|x64
		RelWithDebInfo|x64 = RelWithDebInfo|x64
	EndGlobalSection
	GlobalSection(ProjectConfigurationPlatforms) = postSolution
		{0C73CB95-9831-3EC3-BAC6-63FB9CF90074}.Debug|x64.ActiveCfg = Debug|x64
		{0C73CB95-9831-3EC3-BAC6-63FB9CF90074}.Debug|x64.Build.0 = Debug|x64
		{0C73CB95-9831-3EC3-BAC6-63FB9CF90074}.Release|x64.ActiveCfg = Release|x64
		{0C73CB95-9831-3EC3-BAC6-63FB9CF90074}.Release|x64.Build.0 = Release|x64
		{0C73CB95-9831-3EC3-BAC6-63FB9CF90074}.MinSizeRel|x64.ActiveCfg = MinSizeRel|x64
		{0C73CB95-9831-3EC3-BAC6-63FB9CF90074}.MinSizeRel|x64.Build.0 = MinSizeRel|x64
		{0C73CB95-9831-3EC3-BAC6-63FB9CF90074}.RelWithDebInfo|x64.ActiveCfg = RelWithDebInfo|x64
		{0C73CB95-9831-3EC3-BAC6-63FB9CF90074}.RelWithDebInfo|x64.Build.0 = RelWithDebInfo|x64
		{3CA479BE-1D95-3ABB-AB09-4ACDCCED8A82}.Debug|x64.ActiveCfg = Debug|x64
		{3CA479BE-1D95-3ABB-AB09-4ACDCCED8A82}.Debug|x64.Build.0 = Debug|x64
		{3CA479BE-1D95-3ABB-AB09-4ACDCCED8A82}.Release|x64.ActiveCfg = Release|x64
		{3CA479BE-1D95-3ABB-AB09-4ACDCCED8A82}.Release|x64.Build.0 = Release|x64
		{3CA479BE-1D95-3ABB-AB09-4ACDCCED8A82}.MinSizeRel|x64.ActiveCfg = MinSizeRel|x64
		{3CA479BE-1D95-3ABB-AB09-4ACDCCED8A82}.MinSizeRel|x64.Build.0 = MinSizeRel|x64
		{3CA479BE-1D95-3ABB-AB09-4ACDCCED8A82}.RelWithDebInfo|x64.ActiveCfg = RelWithDebInfo|x64
		{3CA479BE-1D95-3ABB-AB09-4ACDCCED8A82}.RelWithDebInfo|x64.Build.0 = RelWithDebInfo|x64
		{CF994ECB-51C6-3657-808E-350008C3DFBE}.Debug|x64.ActiveCfg = Debug|x64
		{CF994ECB-51C6-3657-808E-350008C3DFBE}.Debug|x64.Build.0 = Debug|x64
		{CF994ECB-51C6-3657-808E-350008C3DFBE}.Release|x64.ActiveCfg = Release|x64
		{CF994ECB-51C6-3657-808E-350008C3DFBE}.Release|x64.Build.0 = Release|x64
		{CF994ECB-51C6-3657-808E-350008C3DFBE}.MinSizeRel|x64.ActiveCfg = MinSizeRel|x64
		{CF994ECB-51C6-3657-808E-350008C3DFBE}.MinSizeRel|x64.Build.0 = MinSizeRel|x64
		{CF994ECB-51C6-3657-808E-350008C3DFBE}.RelWithDebInfo|x64.ActiveCfg = RelWithDebInfo|x64
		{CF994ECB-51C6-3657-808E-350008C3DFBE}.RelWithDebInfo|x64.Build.0 = RelWithDebInfo|x64
		{27CCAD89-606E-3856-90FB-C3CCA8C628C7}.Debug|x64.ActiveCfg = Debug|x64
		{27CCAD89-606E-3856-90FB-C3CCA8C628C7}.Debug|x64.Build.0 = Debug|x64
		{27CCAD89-606E-3856-90FB-C3CCA8C628C7}.Release|x64.ActiveCfg = Release|x64
		{27CCAD89-606E-3856-90FB-C3CCA8C628C7}.Release|x64.Build.0 = Release|x64
		{27CCAD89-606E-3856-90FB-C3CCA8C628C7}.MinSizeRel|x64.ActiveCfg = MinSizeRel|x64
		{27CCAD89-606E-3856-90FB-C3CCA8C628C7}.MinSizeRel|x64.Build.0 = MinSizeRel|x64
		{27CCAD89-606E-3856-90FB-C3CCA8C628C7}.RelWithDebInfo|x64.ActiveCfg = RelWithDebInfo|x64
		{27CCAD89-606E-3856-90FB-C3CCA8C628C7}.RelWithDebInfo|x64.Build.0 = RelWithDebInfo|x64
		{621BCBF2-DF80-360E-9616-398E71903810}.Debug|x64.ActiveCfg = Debug|x64
		{621BCBF2-DF80-360E-9616-398E71903810}.Debug|x64.Build.0 = Debug|x64
		{621BCBF2-DF80-360E-9616-398E71903810}.Release|x64.ActiveCfg = Release|x64
		{621BCBF2-DF80-360E-9616-398E71903810}.Release|x64.Build.0 = Release|x64
		{621BCBF2-DF80-360E-9616-398E71903810}.MinSizeRel|x64.ActiveCfg = MinSizeRel|x64
		{621BCBF2-DF80-360E-9616-398E71903810}.MinSizeRel|x64.Build.0 = MinSizeRel|x64
		{621BCBF2-DF80-360E-9616-398E71903810}.RelWithDebInfo|x64.ActiveCfg = RelWithDebInfo|x64
		{621BCBF2-DF80-360E-9616-398E71903810}.RelWithDebInfo|x64.Build.0 = RelWithDebInfo|x64
		{35C5DBC5-10DA-39C6-AE67-3DA150F6BA3D}.Debug|x64.ActiveCfg = Debug|x64
		{35C5DBC5-10DA-39C6-AE67-3DA150F6BA3D}.Debug|x64.Build.0 = Debug|x64
		{35C5DBC5-10DA-39C6-AE67-3DA150F6BA3D}.Release|x64.ActiveCfg = Release|x64
		{35C5DBC5-10DA-39C6-AE67-3DA150F6BA3D}.Release|x64.Build.0 = Release|x64
		{35C5DBC5-10DA-39C6-AE67-3DA150F6BA3D}.MinSizeRel|x64.ActiveCfg = MinSizeRel|x64
		{35C5DBC5-10DA-39C6-AE67-3DA150F6BA3D}.MinSizeRel|x64.Build.0 = MinSizeRel|x64
		{35C5DBC5-10DA-39C6-AE67-3DA150F6BA3D}.RelWithDebInfo|x64.ActiveCfg = RelWithDebInfo|x64
		{35C5DBC5-10DA-39C6-AE67-3DA150F6BA3D}.RelWithDebInfo|x64.Build.0 = RelWithDebInfo|x64
		{187802DD-5ECC-3EA0-90E3-508F0BDED1E0}.Debug|x64.ActiveCfg = Debug|x64
		{187802DD-5ECC-3EA0-90E3-508F0BDED1E0}.Debug|x64.Build.0 = Debug|x64
		{187802DD-5ECC-3EA0-90E3-508F0BDED1E0}.Release|x64.ActiveCfg = Release|x64
		{187802DD-5ECC-3EA0-90E3-508F0BDED1E0}.Release|x64.Build.0 = Release|x64
		{187802DD-5ECC-3EA0-90E3-508F0BDED1E0}.MinSizeRel|x64.ActiveCfg = MinSizeRel|x64
		{187802DD-5ECC-3EA0-90E3-508F0BDED1E0}.MinSizeRel|x64.Build.0 = MinSizeRel|x64
		{187802DD-5ECC-3EA0-90E3-508F0BDED1E0}.RelWithDebInfo|x64.ActiveCfg = RelWithDebInfo|x64
		{187802DD-5ECC-3EA0-90E3-508F0BDED1E0}.RelWithDebInfo|x64.Build.0 = RelWithDebInfo|x64
		{1AC3646C-DC7F-388D-A318-18E21968B5ED}.Debug|x64.ActiveCfg = Debug|x64
		{1AC3646C-DC7F-388D-A318-18E21968B5ED}.Debug|x64.Build.0 = Debug|x64
		{1AC3646C-DC7F-388D-A318-18E21968B5ED}.Release|x64.ActiveCfg = Release|x64
		{1AC3646C-DC7F-388D-A318-18E21968B5ED}.Release|x64.Build.0 = Release|x64
		{1AC3646C-DC7F-388D-A318-18E21968B5ED}.MinSizeRel|x64.ActiveCfg = MinSizeRel|x64
		{1AC3646C-DC7F-388D-A318-18E21968B5ED}.MinSizeRel|x64.Build.0 = MinSizeRel|x64
		{1AC3646C-DC7F-388D-A318-18E21968B5ED}.RelWithDebInfo|x64.ActiveCfg = RelWithDebInfo|x64
		{1AC3646C-DC7F-388D-A318-18E21968B5ED}.RelWithDebInfo|x64.Build.0 = RelWithDebInfo|x64
		{0F8C8790-DE3E-38DC-A824-684AD1ED737D}.Debug|x64.ActiveCfg = Debug|x64
		{0F8C8790-DE3E-38DC-A824-684AD1ED737D}.Debug|x64.Build.0 = Debug|x64
		{0F8C8790-DE3E-38DC-A824-684AD1ED737D}.Release|x64.ActiveCfg = Release|x64
		{0F8C8790-DE3E-38DC-A824-684AD1ED737D}.Release|x64.Build.0 = Release|x64
		{0F8C8790-DE3E-38DC-A824-684AD1ED737D}.MinSizeRel|x64.ActiveCfg = MinSizeRel|x64
		{0F8C8790-DE3E-38DC-A824-684AD1ED737D}.MinSizeRel|x64.Build.0 = MinSizeRel|x64
		{0F8C8790-DE3E-38DC-A824-684AD1ED737D}.RelWithDebInfo|x64.ActiveCfg = RelWithDebInfo|x64
		{0F8C8790-DE3E-38DC-A824-684AD1ED737D}.RelWithDebInfo|x64.Build.0 = RelWithDebInfo|x64
		{1727E4B4-76A4-38AA-AB91-51EF96E083C7}.Debug|x64.ActiveCfg = Debug|x64
		{1727E4B4-76A4-38AA-AB91-51EF96E083C7}.Release|x64.ActiveCfg = Release|x64
		{1727E4B4-76A4-38AA-AB91-51EF96E083C7}.MinSizeRel|x64.ActiveCfg = MinSizeRel|x64
		{1727E4B4-76A4-38AA-AB91-51EF96E083C7}.RelWithDebInfo|x64.ActiveCfg = RelWithDebInfo|x64
		{A6CA2425-4E9F-3392-830A-3D688E8E059E}.Debug|x64.ActiveCfg = Debug|x64
		{A6CA2425-4E9F-3392-830A-3D688E8E059E}.Debug|x64.Build.0 = Debug|x64
		{A6CA2425-4E9F-3392-830A-3D688E8E059E}.Release|x64.ActiveCfg = Release|x64
		{A6CA2425-4E9F-3392-830A-3D688E8E059E}.Release|x64.Build.0 = Release|x64
		{A6CA2425-4E9F-3392-830A-3D688E8E059E}.MinSizeRel|x64.ActiveCfg = MinSizeRel|x64
		{A6CA2425-4E9F-3392-830A-3D688E8E059E}.MinSizeRel|x64.Build.0 = MinSizeRel|x64
		{A6CA2425-4E9F-3392-830A-3D688E8E059E}.RelWithDebInfo|x64.ActiveCfg = RelWithDebInfo|x64
		{A6CA2425-4E9F-3392-830A-3D688E8E059E}.RelWithDebInfo|x64.Build.0 = RelWithDebInfo|x64
		{05238318-BF62-3D46-BF42-379909826D53}.Debug|x64.ActiveCfg = Debug|x64
		{05238318-BF62-3D46-BF42-379909826D53}.Debug|x64.Build.0 = Debug|x64
		{05238318-BF62-3D46-BF42-379909826D53}.Release|x64.ActiveCfg = Release|x64
		{05238318-BF62-3D46-BF42-379909826D53}.Release|x64.Build.0 = Release|x64
		{05238318-BF62-3D46-BF42-379909826D53}.MinSizeRel|x64.ActiveCfg = MinSizeRel|x64
		{05238318-BF62-3D46-BF42-379909826D53}.MinSizeRel|x64.Build.0 = MinSizeRel|x64
		{05238318-BF62-3D46-BF42-379909826D53}.RelWithDebInfo|x64.ActiveCfg = RelWithDebInfo|x64
		{05238318-BF62-3D46-BF42-379909826D53}.RelWithDebInfo|x64.Build.0 = RelWithDebInfo|x64
		{A8627ED7-CC24-3F20-95F8-0C4891EDE318}.Debug|x64.ActiveCfg = Debug|x64
		{A8627ED7-CC24-3F20-95F8-0C4891EDE318}.Debug|x64.Build.0 = Debug|x64
		{A8627ED7-CC24-3F20-95F8-0C4891EDE318}.Release|x64.ActiveCfg = Release|x64
		{A8627ED7-CC24-3F20-95F8-0C4891EDE318}.Release|x64.Build.0 = Release|x64
		{A8627ED7-CC24-3F20-95F8-0C4891EDE318}.MinSizeRel|x64.ActiveCfg = MinSizeRel|x64
		{A8627ED7-CC24-3F20-95F8-0C4891EDE318}.MinSizeRel|x64.Build.0 = MinSizeRel|x64
		{A8627ED7-CC24-3F20-95F8-0C4891EDE318}.RelWithDebInfo|x64.ActiveCfg = RelWithDebInfo|x64
		{A8627ED7-CC24-3F20-95F8-0C4891EDE318}.RelWithDebInfo|x64.Build.0 = RelWithDebInfo|x64
	EndGlobalSection
	GlobalSection(ExtensibilityGlobals) = postSolution
		SolutionGuid = {96BF64F6-5379-3536-A97B-35D2C44140B3}
	EndGlobalSection
	GlobalSection(ExtensibilityAddIns) = postSolution
	EndGlobalSection
EndGlobal
