<?xml version="1.0" encoding="utf-8"?>
<Project ToolsVersion="17.0" xmlns="http://schemas.microsoft.com/developer/msbuild/2003">
  <ItemGroup>
    <ClCompile Include="I:\__workSpace\_Github\OpenXLSX-Sharp\OpenXLSX\Benchmarks\gbench\src\benchmark.cc">
      <Filter>Source Files</Filter>
    </ClCompile>
    <ClCompile Include="I:\__workSpace\_Github\OpenXLSX-Sharp\OpenXLSX\Benchmarks\gbench\src\benchmark_api_internal.cc">
      <Filter>Source Files</Filter>
    </ClCompile>
    <ClCompile Include="I:\__workSpace\_Github\OpenXLSX-Sharp\OpenXLSX\Benchmarks\gbench\src\benchmark_name.cc">
      <Filter>Source Files</Filter>
    </ClCompile>
    <ClCompile Include="I:\__workSpace\_Github\OpenXLSX-Sharp\OpenXLSX\Benchmarks\gbench\src\benchmark_register.cc">
      <Filter>Source Files</Filter>
    </ClCompile>
    <ClCompile Include="I:\__workSpace\_Github\OpenXLSX-Sharp\OpenXLSX\Benchmarks\gbench\src\benchmark_runner.cc">
      <Filter>Source Files</Filter>
    </ClCompile>
    <ClCompile Include="I:\__workSpace\_Github\OpenXLSX-Sharp\OpenXLSX\Benchmarks\gbench\src\colorprint.cc">
      <Filter>Source Files</Filter>
    </ClCompile>
    <ClCompile Include="I:\__workSpace\_Github\OpenXLSX-Sharp\OpenXLSX\Benchmarks\gbench\src\commandlineflags.cc">
      <Filter>Source Files</Filter>
    </ClCompile>
    <ClCompile Include="I:\__workSpace\_Github\OpenXLSX-Sharp\OpenXLSX\Benchmarks\gbench\src\complexity.cc">
      <Filter>Source Files</Filter>
    </ClCompile>
    <ClCompile Include="I:\__workSpace\_Github\OpenXLSX-Sharp\OpenXLSX\Benchmarks\gbench\src\console_reporter.cc">
      <Filter>Source Files</Filter>
    </ClCompile>
    <ClCompile Include="I:\__workSpace\_Github\OpenXLSX-Sharp\OpenXLSX\Benchmarks\gbench\src\counter.cc">
      <Filter>Source Files</Filter>
    </ClCompile>
    <ClCompile Include="I:\__workSpace\_Github\OpenXLSX-Sharp\OpenXLSX\Benchmarks\gbench\src\csv_reporter.cc">
      <Filter>Source Files</Filter>
    </ClCompile>
    <ClCompile Include="I:\__workSpace\_Github\OpenXLSX-Sharp\OpenXLSX\Benchmarks\gbench\src\json_reporter.cc">
      <Filter>Source Files</Filter>
    </ClCompile>
    <ClCompile Include="I:\__workSpace\_Github\OpenXLSX-Sharp\OpenXLSX\Benchmarks\gbench\src\perf_counters.cc">
      <Filter>Source Files</Filter>
    </ClCompile>
    <ClCompile Include="I:\__workSpace\_Github\OpenXLSX-Sharp\OpenXLSX\Benchmarks\gbench\src\reporter.cc">
      <Filter>Source Files</Filter>
    </ClCompile>
    <ClCompile Include="I:\__workSpace\_Github\OpenXLSX-Sharp\OpenXLSX\Benchmarks\gbench\src\sleep.cc">
      <Filter>Source Files</Filter>
    </ClCompile>
    <ClCompile Include="I:\__workSpace\_Github\OpenXLSX-Sharp\OpenXLSX\Benchmarks\gbench\src\statistics.cc">
      <Filter>Source Files</Filter>
    </ClCompile>
    <ClCompile Include="I:\__workSpace\_Github\OpenXLSX-Sharp\OpenXLSX\Benchmarks\gbench\src\string_util.cc">
      <Filter>Source Files</Filter>
    </ClCompile>
    <ClCompile Include="I:\__workSpace\_Github\OpenXLSX-Sharp\OpenXLSX\Benchmarks\gbench\src\sysinfo.cc">
      <Filter>Source Files</Filter>
    </ClCompile>
    <ClCompile Include="I:\__workSpace\_Github\OpenXLSX-Sharp\OpenXLSX\Benchmarks\gbench\src\timers.cc">
      <Filter>Source Files</Filter>
    </ClCompile>
  </ItemGroup>
  <ItemGroup>
    <ClInclude Include="I:\__workSpace\_Github\OpenXLSX-Sharp\OpenXLSX\Benchmarks\gbench\include\benchmark\benchmark.h">
      <Filter>Header Files</Filter>
    </ClInclude>
    <ClInclude Include="I:\__workSpace\_Github\OpenXLSX-Sharp\OpenXLSX\Benchmarks\gbench\src\arraysize.h">
      <Filter>Header Files</Filter>
    </ClInclude>
    <ClInclude Include="I:\__workSpace\_Github\OpenXLSX-Sharp\OpenXLSX\Benchmarks\gbench\src\benchmark_api_internal.h">
      <Filter>Header Files</Filter>
    </ClInclude>
    <ClInclude Include="I:\__workSpace\_Github\OpenXLSX-Sharp\OpenXLSX\Benchmarks\gbench\src\benchmark_register.h">
      <Filter>Header Files</Filter>
    </ClInclude>
    <ClInclude Include="I:\__workSpace\_Github\OpenXLSX-Sharp\OpenXLSX\Benchmarks\gbench\src\benchmark_runner.h">
      <Filter>Header Files</Filter>
    </ClInclude>
    <ClInclude Include="I:\__workSpace\_Github\OpenXLSX-Sharp\OpenXLSX\Benchmarks\gbench\src\check.h">
      <Filter>Header Files</Filter>
    </ClInclude>
    <ClInclude Include="I:\__workSpace\_Github\OpenXLSX-Sharp\OpenXLSX\Benchmarks\gbench\src\colorprint.h">
      <Filter>Header Files</Filter>
    </ClInclude>
    <ClInclude Include="I:\__workSpace\_Github\OpenXLSX-Sharp\OpenXLSX\Benchmarks\gbench\src\commandlineflags.h">
      <Filter>Header Files</Filter>
    </ClInclude>
    <ClInclude Include="I:\__workSpace\_Github\OpenXLSX-Sharp\OpenXLSX\Benchmarks\gbench\src\complexity.h">
      <Filter>Header Files</Filter>
    </ClInclude>
    <ClInclude Include="I:\__workSpace\_Github\OpenXLSX-Sharp\OpenXLSX\Benchmarks\gbench\src\counter.h">
      <Filter>Header Files</Filter>
    </ClInclude>
    <ClInclude Include="I:\__workSpace\_Github\OpenXLSX-Sharp\OpenXLSX\Benchmarks\gbench\src\cycleclock.h">
      <Filter>Header Files</Filter>
    </ClInclude>
    <ClInclude Include="I:\__workSpace\_Github\OpenXLSX-Sharp\OpenXLSX\Benchmarks\gbench\src\internal_macros.h">
      <Filter>Header Files</Filter>
    </ClInclude>
    <ClInclude Include="I:\__workSpace\_Github\OpenXLSX-Sharp\OpenXLSX\Benchmarks\gbench\src\log.h">
      <Filter>Header Files</Filter>
    </ClInclude>
    <ClInclude Include="I:\__workSpace\_Github\OpenXLSX-Sharp\OpenXLSX\Benchmarks\gbench\src\mutex.h">
      <Filter>Header Files</Filter>
    </ClInclude>
    <ClInclude Include="I:\__workSpace\_Github\OpenXLSX-Sharp\OpenXLSX\Benchmarks\gbench\src\perf_counters.h">
      <Filter>Header Files</Filter>
    </ClInclude>
    <ClInclude Include="I:\__workSpace\_Github\OpenXLSX-Sharp\OpenXLSX\Benchmarks\gbench\src\re.h">
      <Filter>Header Files</Filter>
    </ClInclude>
    <ClInclude Include="I:\__workSpace\_Github\OpenXLSX-Sharp\OpenXLSX\Benchmarks\gbench\src\sleep.h">
      <Filter>Header Files</Filter>
    </ClInclude>
    <ClInclude Include="I:\__workSpace\_Github\OpenXLSX-Sharp\OpenXLSX\Benchmarks\gbench\src\statistics.h">
      <Filter>Header Files</Filter>
    </ClInclude>
    <ClInclude Include="I:\__workSpace\_Github\OpenXLSX-Sharp\OpenXLSX\Benchmarks\gbench\src\string_util.h">
      <Filter>Header Files</Filter>
    </ClInclude>
    <ClInclude Include="I:\__workSpace\_Github\OpenXLSX-Sharp\OpenXLSX\Benchmarks\gbench\src\thread_manager.h">
      <Filter>Header Files</Filter>
    </ClInclude>
    <ClInclude Include="I:\__workSpace\_Github\OpenXLSX-Sharp\OpenXLSX\Benchmarks\gbench\src\thread_timer.h">
      <Filter>Header Files</Filter>
    </ClInclude>
    <ClInclude Include="I:\__workSpace\_Github\OpenXLSX-Sharp\OpenXLSX\Benchmarks\gbench\src\timers.h">
      <Filter>Header Files</Filter>
    </ClInclude>
  </ItemGroup>
  <ItemGroup>
    <CustomBuild Include="I:\__workSpace\_Github\OpenXLSX-Sharp\OpenXLSX\Benchmarks\gbench\src\CMakeLists.txt" />
  </ItemGroup>
  <ItemGroup>
    <Filter Include="Header Files">
      <UniqueIdentifier>{EB00B692-0501-3A10-B7DC-1990E549E1FC}</UniqueIdentifier>
    </Filter>
    <Filter Include="Source Files">
      <UniqueIdentifier>{C7E32967-F3FA-3E06-8295-3DAF46865D10}</UniqueIdentifier>
    </Filter>
  </ItemGroup>
</Project>
