<?xml version="1.0" encoding="utf-8"?>
<Project ToolsVersion="17.0" xmlns="http://schemas.microsoft.com/developer/msbuild/2003">
  <ItemGroup>
    <CustomBuild Include="I:\__workSpace\_Github\OpenXLSX-Sharp\OpenXLSX\CmakeBuild\CMakeFiles\a4053ab99e13e585e27506bab88c8fac\INSTALL_force.rule">
      <Filter>CMake Rules</Filter>
    </CustomBuild>
  </ItemGroup>
  <ItemGroup>
    <Filter Include="CMake Rules">
      <UniqueIdentifier>{22A11637-E573-38DF-BE45-F911F5190551}</UniqueIdentifier>
    </Filter>
  </ItemGroup>
</Project>
